{
  "requires": true,
  "lockfileVersion": 1,
  "dependencies": {
    "react-hook-form": {
      "version": "4.4.8",
      "resolved": "https://registry.npmjs.org/react-hook-form/-/react-hook-form-4.4.8.tgz",
      "integrity": "sha512-G43AJk75yhMfBggj7uF2EwSZH2G/uMFeC1LxGik8XcgUPO23o488t+CUEBvP0TXVlEc4ld7D4Kbmj5LVCPYo0w=="
    }
  }
}
